
Microsoft Visual Studio Solution File, Format Version 12.00
# Visual Studio Version 16
VisualStudioVersion = 16.0.33130.400
MinimumVisualStudioVersion = 10.0.40219.1
Project("{8BC9CEB8-8B4A-11D0-8D11-00A0C91BC942}") = "Ardupilot_dev_4_3_2", "Ardupilot_dev_4_3_2.vcxproj", "{41ED41A0-3BD7-4412-AA20-BB81AEFFEB71}"
EndProject
Global
	GlobalSection(SolutionConfigurationPlatforms) = preSolution
		Debug|x64 = Debug|x64
		Debug|x86 = Debug|x86
		Release|x64 = Release|x64
		Release|x86 = Release|x86
	EndGlobalSection
	GlobalSection(ProjectConfigurationPlatforms) = postSolution
		{41ED41A0-3BD7-4412-AA20-BB81AEFFEB71}.Debug|x64.ActiveCfg = Debug|x64
		{41ED41A0-3BD7-4412-AA20-BB81AEFFEB71}.Debug|x64.Build.0 = Debug|x64
		{41ED41A0-3BD7-4412-AA20-BB81AEFFEB71}.Debug|x86.ActiveCfg = Debug|Win32
		{41ED41A0-3BD7-4412-AA20-BB81AEFFEB71}.Debug|x86.Build.0 = Debug|Win32
		{41ED41A0-3BD7-4412-AA20-BB81AEFFEB71}.Release|x64.ActiveCfg = Release|x64
		{41ED41A0-3BD7-4412-AA20-BB81AEFFEB71}.Release|x64.Build.0 = Release|x64
		{41ED41A0-3BD7-4412-AA20-BB81AEFFEB71}.Release|x86.ActiveCfg = Release|Win32
		{41ED41A0-3BD7-4412-AA20-BB81AEFFEB71}.Release|x86.Build.0 = Release|Win32
	EndGlobalSection
	GlobalSection(SolutionProperties) = preSolution
		HideSolutionNode = FALSE
	EndGlobalSection
	GlobalSection(ExtensibilityGlobals) = postSolution
		SolutionGuid = {354968A7-9B52-4BBA-990D-C55397C21F26}
	EndGlobalSection
EndGlobal
